// !$*UTF8*$!
{
	archiveVersion = 1;
	classes = {
	};
	objectVersion = 50;
	objects = {

/* Begin PBXBuildFile section */
		88465ABF646C4A3526C15CE4 /* Pods_iosApp.framework in Frameworks */ = {isa = PBXBuildFile; fileRef = 0312D5796DDA30856EA90C9F /* Pods_iosApp.framework */; };
		9F3E4F299F7439DF49507A14 /* Pods_iosAppTests.framework in Frameworks */ = {isa = PBXBuildFile; fileRef = 431A9FDE43DC36222F5ED7A2 /* Pods_iosAppTests.framework */; };
		A618DA7126450F87006F39A9 /* AppDelegate.swift in Sources */ = {isa = PBXBuildFile; fileRef = A618DA7026450F87006F39A9 /* AppDelegate.swift */; };
		A618DA7326450F87006F39A9 /* SceneDelegate.swift in Sources */ = {isa = PBXBuildFile; fileRef = A618DA7226450F87006F39A9 /* SceneDelegate.swift */; };
		A618DA7526450F87006F39A9 /* ViewController.swift in Sources */ = {isa = PBXBuildFile; fileRef = A618DA7426450F87006F39A9 /* ViewController.swift */; };
		A618DA7826450F87006F39A9 /* Main.storyboard in Resources */ = {isa = PBXBuildFile; fileRef = A618DA7626450F87006F39A9 /* Main.storyboard */; };
		A618DA7A26450F88006F39A9 /* Assets.xcassets in Resources */ = {isa = PBXBuildFile; fileRef = A618DA7926450F88006F39A9 /* Assets.xcassets */; };
		A618DA7D26450F88006F39A9 /* LaunchScreen.storyboard in Resources */ = {isa = PBXBuildFile; fileRef = A618DA7B26450F88006F39A9 /* LaunchScreen.storyboard */; };
		A618DA8826450F88006F39A9 /* iosAppTests.swift in Sources */ = {isa = PBXBuildFile; fileRef = A618DA8726450F88006F39A9 /* iosAppTests.swift */; };
		A618DA9326450F88006F39A9 /* iosAppUITests.swift in Sources */ = {isa = PBXBuildFile; fileRef = A618DA9226450F88006F39A9 /* iosAppUITests.swift */; };
/* End PBXBuildFile section */

/* Begin PBXContainerItemProxy section */
		A618DA8426450F88006F39A9 /* PBXContainerItemProxy */ = {
			isa = PBXContainerItemProxy;
			containerPortal = A618DA6526450F87006F39A9 /* Project object */;
			proxyType = 1;
			remoteGlobalIDString = A618DA6C26450F87006F39A9;
			remoteInfo = iosApp;
		};
		A618DA8F26450F88006F39A9 /* PBXContainerItemProxy */ = {
			isa = PBXContainerItemProxy;
			containerPortal = A618DA6526450F87006F39A9 /* Project object */;
			proxyType = 1;
			remoteGlobalIDString = A618DA6C26450F87006F39A9;
			remoteInfo = iosApp;
		};
/* End PBXContainerItemProxy section */

/* Begin PBXFileReference section */
		0312D5796DDA30856EA90C9F /* Pods_iosApp.framework */ = {isa = PBXFileReference; explicitFileType = wrapper.framework; includeInIndex = 0; path = Pods_iosApp.framework; sourceTree = BUILT_PRODUCTS_DIR; };
		1A0CE410ECE0AD8F8A8A4EC7 /* Pods-iosApp.release.xcconfig */ = {isa = PBXFileReference; includeInIndex = 1; lastKnownFileType = text.xcconfig; name = "Pods-iosApp.release.xcconfig"; path = "Target Support Files/Pods-iosApp/Pods-iosApp.release.xcconfig"; sourceTree = "<group>"; };
		3399AD0A036A7ACA59F70B98 /* Pods-iosAppTests.debug.xcconfig */ = {isa = PBXFileReference; includeInIndex = 1; lastKnownFileType = text.xcconfig; name = "Pods-iosAppTests.debug.xcconfig"; path = "Target Support Files/Pods-iosAppTests/Pods-iosAppTests.debug.xcconfig"; sourceTree = "<group>"; };
		431A9FDE43DC36222F5ED7A2 /* Pods_iosAppTests.framework */ = {isa = PBXFileReference; explicitFileType = wrapper.framework; includeInIndex = 0; path = Pods_iosAppTests.framework; sourceTree = BUILT_PRODUCTS_DIR; };
		7C2F670F6C0EBFF45385E030 /* Pods-iosAppTests.release.xcconfig */ = {isa = PBXFileReference; includeInIndex = 1; lastKnownFileType = text.xcconfig; name = "Pods-iosAppTests.release.xcconfig"; path = "Target Support Files/Pods-iosAppTests/Pods-iosAppTests.release.xcconfig"; sourceTree = "<group>"; };
		A618DA6D26450F87006F39A9 /* iosApp.app */ = {isa = PBXFileReference; explicitFileType = wrapper.application; includeInIndex = 0; path = iosApp.app; sourceTree = BUILT_PRODUCTS_DIR; };
		A618DA7026450F87006F39A9 /* AppDelegate.swift */ = {isa = PBXFileReference; lastKnownFileType = sourcecode.swift; path = AppDelegate.swift; sourceTree = "<group>"; };
		A618DA7226450F87006F39A9 /* SceneDelegate.swift */ = {isa = PBXFileReference; lastKnownFileType = sourcecode.swift; path = SceneDelegate.swift; sourceTree = "<group>"; };
		A618DA7426450F87006F39A9 /* ViewController.swift */ = {isa = PBXFileReference; lastKnownFileType = sourcecode.swift; path = ViewController.swift; sourceTree = "<group>"; };
		A618DA7726450F87006F39A9 /* Base */ = {isa = PBXFileReference; lastKnownFileType = file.storyboard; name = Base; path = Base.lproj/Main.storyboard; sourceTree = "<group>"; };
		A618DA7926450F88006F39A9 /* Assets.xcassets */ = {isa = PBXFileReference; lastKnownFileType = folder.assetcatalog; path = Assets.xcassets; sourceTree = "<group>"; };
		A618DA7C26450F88006F39A9 /* Base */ = {isa = PBXFileReference; lastKnownFileType = file.storyboard; name = Base; path = Base.lproj/LaunchScreen.storyboard; sourceTree = "<group>"; };
		A618DA7E26450F88006F39A9 /* Info.plist */ = {isa = PBXFileReference; lastKnownFileType = text.plist.xml; path = Info.plist; sourceTree = "<group>"; };
		A618DA8326450F88006F39A9 /* iosAppTests.xctest */ = {isa = PBXFileReference; explicitFileType = wrapper.cfbundle; includeInIndex = 0; path = iosAppTests.xctest; sourceTree = BUILT_PRODUCTS_DIR; };
		A618DA8726450F88006F39A9 /* iosAppTests.swift */ = {isa = PBXFileReference; lastKnownFileType = sourcecode.swift; path = iosAppTests.swift; sourceTree = "<group>"; };
		A618DA8926450F88006F39A9 /* Info.plist */ = {isa = PBXFileReference; lastKnownFileType = text.plist.xml; path = Info.plist; sourceTree = "<group>"; };
		A618DA8E26450F88006F39A9 /* iosAppUITests.xctest */ = {isa = PBXFileReference; explicitFileType = wrapper.cfbundle; includeInIndex = 0; path = iosAppUITests.xctest; sourceTree = BUILT_PRODUCTS_DIR; };
		A618DA9226450F88006F39A9 /* iosAppUITests.swift */ = {isa = PBXFileReference; lastKnownFileType = sourcecode.swift; path = iosAppUITests.swift; sourceTree = "<group>"; };
		A618DA9426450F88006F39A9 /* Info.plist */ = {isa = PBXFileReference; lastKnownFileType = text.plist.xml; path = Info.plist; sourceTree = "<group>"; };
		D27307D07C13EB73B42DC255 /* Pods-iosApp.debug.xcconfig */ = {isa = PBXFileReference; includeInIndex = 1; lastKnownFileType = text.xcconfig; name = "Pods-iosApp.debug.xcconfig"; path = "Target Support Files/Pods-iosApp/Pods-iosApp.debug.xcconfig"; sourceTree = "<group>"; };
/* End PBXFileReference section */

/* Begin PBXFrameworksBuildPhase section */
		A618DA6A26450F87006F39A9 /* Frameworks */ = {
			isa = PBXFrameworksBuildPhase;
			buildActionMask = 2147483647;
			files = (
				88465ABF646C4A3526C15CE4 /* Pods_iosApp.framework in Frameworks */,
			);
			runOnlyForDeploymentPostprocessing = 0;
		};
		A618DA8026450F88006F39A9 /* Frameworks */ = {
			isa = PBXFrameworksBuildPhase;
			buildActionMask = 2147483647;
			files = (
				9F3E4F299F7439DF49507A14 /* Pods_iosAppTests.framework in Frameworks */,
			);
			runOnlyForDeploymentPostprocessing = 0;
		};
		A618DA8B26450F88006F39A9 /* Frameworks */ = {
			isa = PBXFrameworksBuildPhase;
			buildActionMask = 2147483647;
			files = (
			);
			runOnlyForDeploymentPostprocessing = 0;
		};
/* End PBXFrameworksBuildPhase section */

/* Begin PBXGroup section */
		14FB43C82C13D822D0EAE395 /* Frameworks */ = {
			isa = PBXGroup;
			children = (
				0312D5796DDA30856EA90C9F /* Pods_iosApp.framework */,
				431A9FDE43DC36222F5ED7A2 /* Pods_iosAppTests.framework */,
			);
			name = Frameworks;
			sourceTree = "<group>";
		};
		6FF474072E7C22A8355FF04C /* Pods */ = {
			isa = PBXGroup;
			children = (
				D27307D07C13EB73B42DC255 /* Pods-iosApp.debug.xcconfig */,
				1A0CE410ECE0AD8F8A8A4EC7 /* Pods-iosApp.release.xcconfig */,
				3399AD0A036A7ACA59F70B98 /* Pods-iosAppTests.debug.xcconfig */,
				7C2F670F6C0EBFF45385E030 /* Pods-iosAppTests.release.xcconfig */,
			);
			path = Pods;
			sourceTree = "<group>";
		};
		A618DA6426450F87006F39A9 = {
			isa = PBXGroup;
			children = (
				A618DA6F26450F87006F39A9 /* iosApp */,
				A618DA8626450F88006F39A9 /* iosAppTests */,
				A618DA9126450F88006F39A9 /* iosAppUITests */,
				A618DA6E26450F87006F39A9 /* Products */,
				6FF474072E7C22A8355FF04C /* Pods */,
				14FB43C82C13D822D0EAE395 /* Frameworks */,
			);
			sourceTree = "<group>";
		};
		A618DA6E26450F87006F39A9 /* Products */ = {
			isa = PBXGroup;
			children = (
				A618DA6D26450F87006F39A9 /* iosApp.app */,
				A618DA8326450F88006F39A9 /* iosAppTests.xctest */,
				A618DA8E26450F88006F39A9 /* iosAppUITests.xctest */,
			);
			name = Products;
			sourceTree = "<group>";
		};
		A618DA6F26450F87006F39A9 /* iosApp */ = {
			isa = PBXGroup;
			children = (
				A618DA7026450F87006F39A9 /* AppDelegate.swift */,
				A618DA7226450F87006F39A9 /* SceneDelegate.swift */,
				A618DA7426450F87006F39A9 /* ViewController.swift */,
				A618DA7626450F87006F39A9 /* Main.storyboard */,
				A618DA7926450F88006F39A9 /* Assets.xcassets */,
				A618DA7B26450F88006F39A9 /* LaunchScreen.storyboard */,
				A618DA7E26450F88006F39A9 /* Info.plist */,
			);
			path = iosApp;
			sourceTree = "<group>";
		};
		A618DA8626450F88006F39A9 /* iosAppTests */ = {
			isa = PBXGroup;
			children = (
				A618DA8726450F88006F39A9 /* iosAppTests.swift */,
				A618DA8926450F88006F39A9 /* Info.plist */,
			);
			path = iosAppTests;
			sourceTree = "<group>";
		};
		A618DA9126450F88006F39A9 /* iosAppUITests */ = {
			isa = PBXGroup;
			children = (
				A618DA9226450F88006F39A9 /* iosAppUITests.swift */,
				A618DA9426450F88006F39A9 /* Info.plist */,
			);
			path = iosAppUITests;
			sourceTree = "<group>";
		};
/* End PBXGroup section */

/* Begin PBXNativeTarget section */
		A618DA6C26450F87006F39A9 /* iosApp */ = {
			isa = PBXNativeTarget;
			buildConfigurationList = A618DA9726450F88006F39A9 /* Build configuration list for PBXNativeTarget "iosApp" */;
			buildPhases = (
				ED7A0AEBD6F2A4E55149AA16 /* [CP] Check Pods Manifest.lock */,
				A618DA6926450F87006F39A9 /* Sources */,
				A618DA6A26450F87006F39A9 /* Frameworks */,
				A618DA6B26450F87006F39A9 /* Resources */,
			);
			buildRules = (
			);
			dependencies = (
			);
			name = iosApp;
			productName = iosApp;
			productReference = A618DA6D26450F87006F39A9 /* iosApp.app */;
			productType = "com.apple.product-type.application";
		};
		A618DA8226450F88006F39A9 /* iosAppTests */ = {
			isa = PBXNativeTarget;
			buildConfigurationList = A618DA9A26450F88006F39A9 /* Build configuration list for PBXNativeTarget "iosAppTests" */;
			buildPhases = (
				F89E331D9CEB64CAFCDF9635 /* [CP] Check Pods Manifest.lock */,
				A618DA7F26450F88006F39A9 /* Sources */,
				A618DA8026450F88006F39A9 /* Frameworks */,
				A618DA8126450F88006F39A9 /* Resources */,
			);
			buildRules = (
			);
			dependencies = (
				A618DA8526450F88006F39A9 /* PBXTargetDependency */,
			);
			name = iosAppTests;
			productName = iosAppTests;
			productReference = A618DA8326450F88006F39A9 /* iosAppTests.xctest */;
			productType = "com.apple.product-type.bundle.unit-test";
		};
		A618DA8D26450F88006F39A9 /* iosAppUITests */ = {
			isa = PBXNativeTarget;
			buildConfigurationList = A618DA9D26450F88006F39A9 /* Build configuration list for PBXNativeTarget "iosAppUITests" */;
			buildPhases = (
				A618DA8A26450F88006F39A9 /* Sources */,
				A618DA8B26450F88006F39A9 /* Frameworks */,
				A618DA8C26450F88006F39A9 /* Resources */,
			);
			buildRules = (
			);
			dependencies = (
				A618DA9026450F88006F39A9 /* PBXTargetDependency */,
			);
			name = iosAppUITests;
			productName = iosAppUITests;
			productReference = A618DA8E26450F88006F39A9 /* iosAppUITests.xctest */;
			productType = "com.apple.product-type.bundle.ui-testing";
		};
/* End PBXNativeTarget section */

/* Begin PBXProject section */
		A618DA6526450F87006F39A9 /* Project object */ = {
			isa = PBXProject;
			attributes = {
				LastSwiftUpdateCheck = 1240;
				LastUpgradeCheck = 1240;
				TargetAttributes = {
					A618DA6C26450F87006F39A9 = {
						CreatedOnToolsVersion = 12.4;
					};
					A618DA8226450F88006F39A9 = {
						CreatedOnToolsVersion = 12.4;
						TestTargetID = A618DA6C26450F87006F39A9;
					};
					A618DA8D26450F88006F39A9 = {
						CreatedOnToolsVersion = 12.4;
						TestTargetID = A618DA6C26450F87006F39A9;
					};
				};
			};
			buildConfigurationList = A618DA6826450F87006F39A9 /* Build configuration list for PBXProject "iosApp" */;
			compatibilityVersion = "Xcode 9.3";
			developmentRegion = en;
			hasScannedForEncodings = 0;
			knownRegions = (
				en,
				Base,
			);
			mainGroup = A618DA6426450F87006F39A9;
			productRefGroup = A618DA6E26450F87006F39A9 /* Products */;
			projectDirPath = "";
			projectRoot = "";
			targets = (
				A618DA6C26450F87006F39A9 /* iosApp */,
				A618DA8226450F88006F39A9 /* iosAppTests */,
				A618DA8D26450F88006F39A9 /* iosAppUITests */,
			);
		};
/* End PBXProject section */

/* Begin PBXResourcesBuildPhase section */
		A618DA6B26450F87006F39A9 /* Resources */ = {
			isa = PBXResourcesBuildPhase;
			buildActionMask = 2147483647;
			files = (
				A618DA7D26450F88006F39A9 /* LaunchScreen.storyboard in Resources */,
				A618DA7A26450F88006F39A9 /* Assets.xcassets in Resources */,
				A618DA7826450F87006F39A9 /* Main.storyboard in Resources */,
			);
			runOnlyForDeploymentPostprocessing = 0;
		};
		A618DA8126450F88006F39A9 /* Resources */ = {
			isa = PBXResourcesBuildPhase;
			buildActionMask = 2147483647;
			files = (
			);
			runOnlyForDeploymentPostprocessing = 0;
		};
		A618DA8C26450F88006F39A9 /* Resources */ = {
			isa = PBXResourcesBuildPhase;
			buildActionMask = 2147483647;
			files = (
			);
			runOnlyForDeploymentPostprocessing = 0;
		};
/* End PBXResourcesBuildPhase section */

/* Begin PBXShellScriptBuildPhase section */
		ED7A0AEBD6F2A4E55149AA16 /* [CP] Check Pods Manifest.lock */ = {
			isa = PBXShellScriptBuildPhase;
			buildActionMask = 2147483647;
			files = (
			);
			inputFileListPaths = (
			);
			inputPaths = (
				"${PODS_PODFILE_DIR_PATH}/Podfile.lock",
				"${PODS_ROOT}/Manifest.lock",
			);
			name = "[CP] Check Pods Manifest.lock";
			outputFileListPaths = (
			);
			outputPaths = (
				"$(DERIVED_FILE_DIR)/Pods-iosApp-checkManifestLockResult.txt",
			);
			runOnlyForDeploymentPostprocessing = 0;
			shellPath = /bin/sh;
			shellScript = "diff \"${PODS_PODFILE_DIR_PATH}/Podfile.lock\" \"${PODS_ROOT}/Manifest.lock\" > /dev/null\nif [ $? != 0 ] ; then\n    # print error to STDERR\n    echo \"error: The sandbox is not in sync with the Podfile.lock. Run 'pod install' or update your CocoaPods installation.\" >&2\n    exit 1\nfi\n# This output is used by Xcode 'outputs' to avoid re-running this script phase.\necho \"SUCCESS\" > \"${SCRIPT_OUTPUT_FILE_0}\"\n";
			showEnvVarsInLog = 0;
		};
		F89E331D9CEB64CAFCDF9635 /* [CP] Check Pods Manifest.lock */ = {
			isa = PBXShellScriptBuildPhase;
			buildActionMask = 2147483647;
			files = (
			);
			inputFileListPaths = (
			);
			inputPaths = (
				"${PODS_PODFILE_DIR_PATH}/Podfile.lock",
				"${PODS_ROOT}/Manifest.lock",
			);
			name = "[CP] Check Pods Manifest.lock";
			outputFileListPaths = (
			);
			outputPaths = (
				"$(DERIVED_FILE_DIR)/Pods-iosAppTests-checkManifestLockResult.txt",
			);
			runOnlyForDeploymentPostprocessing = 0;
			shellPath = /bin/sh;
			shellScript = "diff \"${PODS_PODFILE_DIR_PATH}/Podfile.lock\" \"${PODS_ROOT}/Manifest.lock\" > /dev/null\nif [ $? != 0 ] ; then\n    # print error to STDERR\n    echo \"error: The sandbox is not in sync with the Podfile.lock. Run 'pod install' or update your CocoaPods installation.\" >&2\n    exit 1\nfi\n# This output is used by Xcode 'outputs' to avoid re-running this script phase.\necho \"SUCCESS\" > \"${SCRIPT_OUTPUT_FILE_0}\"\n";
			showEnvVarsInLog = 0;
		};
/* End PBXShellScriptBuildPhase section */

/* Begin PBXSourcesBuildPhase section */
		A618DA6926450F87006F39A9 /* Sources */ = {
			isa = PBXSourcesBuildPhase;
			buildActionMask = 2147483647;
			files = (
				A618DA7526450F87006F39A9 /* ViewController.swift in Sources */,
				A618DA7126450F87006F39A9 /* AppDelegate.swift in Sources */,
				A618DA7326450F87006F39A9 /* SceneDelegate.swift in Sources */,
			);
			runOnlyForDeploymentPostprocessing = 0;
		};
		A618DA7F26450F88006F39A9 /* Sources */ = {
			isa = PBXSourcesBuildPhase;
			buildActionMask = 2147483647;
			files = (
				A618DA8826450F88006F39A9 /* iosAppTests.swift in Sources */,
			);
			runOnlyForDeploymentPostprocessing = 0;
		};
		A618DA8A26450F88006F39A9 /* Sources */ = {
			isa = PBXSourcesBuildPhase;
			buildActionMask = 2147483647;
			files = (
				A618DA9326450F88006F39A9 /* iosAppUITests.swift in Sources */,
			);
			runOnlyForDeploymentPostprocessing = 0;
		};
/* End PBXSourcesBuildPhase section */

/* Begin PBXTargetDependency section */
		A618DA8526450F88006F39A9 /* PBXTargetDependency */ = {
			isa = PBXTargetDependency;
			target = A618DA6C26450F87006F39A9 /* iosApp */;
			targetProxy = A618DA8426450F88006F39A9 /* PBXContainerItemProxy */;
		};
		A618DA9026450F88006F39A9 /* PBXTargetDependency */ = {
			isa = PBXTargetDependency;
			target = A618DA6C26450F87006F39A9 /* iosApp */;
			targetProxy = A618DA8F26450F88006F39A9 /* PBXContainerItemProxy */;
		};
/* End PBXTargetDependency section */

/* Begin PBXVariantGroup section */
		A618DA7626450F87006F39A9 /* Main.storyboard */ = {
			isa = PBXVariantGroup;
			children = (
				A618DA7726450F87006F39A9 /* Base */,
			);
			name = Main.storyboard;
			sourceTree = "<group>";
		};
		A618DA7B26450F88006F39A9 /* LaunchScreen.storyboard */ = {
			isa = PBXVariantGroup;
			children = (
				A618DA7C26450F88006F39A9 /* Base */,
			);
			name = LaunchScreen.storyboard;
			sourceTree = "<group>";
		};
/* End PBXVariantGroup section */

/* Begin XCBuildConfiguration section */
		A618DA9526450F88006F39A9 /* Debug */ = {
			isa = XCBuildConfiguration;
			buildSettings = {
				ALWAYS_SEARCH_USER_PATHS = NO;
				CLANG_ANALYZER_NONNULL = YES;
				CLANG_ANALYZER_NUMBER_OBJECT_CONVERSION = YES_AGGRESSIVE;
				CLANG_CXX_LANGUAGE_STANDARD = "gnu++14";
				CLANG_CXX_LIBRARY = "libc++";
				CLANG_ENABLE_MODULES = YES;
				CLANG_ENABLE_OBJC_ARC = YES;
				CLANG_ENABLE_OBJC_WEAK = YES;
				CLANG_WARN_BLOCK_CAPTURE_AUTORELEASING = YES;
				CLANG_WARN_BOOL_CONVERSION = YES;
				CLANG_WARN_COMMA = YES;
				CLANG_WARN_CONSTANT_CONVERSION = YES;
				CLANG_WARN_DEPRECATED_OBJC_IMPLEMENTATIONS = YES;
				CLANG_WARN_DIRECT_OBJC_ISA_USAGE = YES_ERROR;
				CLANG_WARN_DOCUMENTATION_COMMENTS = YES;
				CLANG_WARN_EMPTY_BODY = YES;
				CLANG_WARN_ENUM_CONVERSION = YES;
				CLANG_WARN_INFINITE_RECURSION = YES;
				CLANG_WARN_INT_CONVERSION = YES;
				CLANG_WARN_NON_LITERAL_NULL_CONVERSION = YES;
				CLANG_WARN_OBJC_IMPLICIT_RETAIN_SELF = YES;
				CLANG_WARN_OBJC_LITERAL_CONVERSION = YES;
				CLANG_WARN_OBJC_ROOT_CLASS = YES_ERROR;
				CLANG_WARN_QUOTED_INCLUDE_IN_FRAMEWORK_HEADER = YES;
				CLANG_WARN_RANGE_LOOP_ANALYSIS = YES;
				CLANG_WARN_STRICT_PROTOTYPES = YES;
				CLANG_WARN_SUSPICIOUS_MOVE = YES;
				CLANG_WARN_UNGUARDED_AVAILABILITY = YES_AGGRESSIVE;
				CLANG_WARN_UNREACHABLE_CODE = YES;
				CLANG_WARN__DUPLICATE_METHOD_MATCH = YES;
				COPY_PHASE_STRIP = NO;
				DEBUG_INFORMATION_FORMAT = dwarf;
				ENABLE_STRICT_OBJC_MSGSEND = YES;
				ENABLE_TESTABILITY = YES;
				GCC_C_LANGUAGE_STANDARD = gnu11;
				GCC_DYNAMIC_NO_PIC = NO;
				GCC_NO_COMMON_BLOCKS = YES;
				GCC_OPTIMIZATION_LEVEL = 0;
				GCC_PREPROCESSOR_DEFINITIONS = (
					"DEBUG=1",
					"$(inherited)",
				);
				GCC_WARN_64_TO_32_BIT_CONVERSION = YES;
				GCC_WARN_ABOUT_RETURN_TYPE = YES_ERROR;
				GCC_WARN_UNDECLARED_SELECTOR = YES;
				GCC_WARN_UNINITIALIZED_AUTOS = YES_AGGRESSIVE;
				GCC_WARN_UNUSED_FUNCTION = YES;
				GCC_WARN_UNUSED_VARIABLE = YES;
				IPHONEOS_DEPLOYMENT_TARGET = 14.4;
				MTL_ENABLE_DEBUG_INFO = INCLUDE_SOURCE;
				MTL_FAST_MATH = YES;
				ONLY_ACTIVE_ARCH = YES;
				SDKROOT = iphoneos;
				SWIFT_ACTIVE_COMPILATION_CONDITIONS = DEBUG;
				SWIFT_OPTIMIZATION_LEVEL = "-Onone";
			};
			name = Debug;
		};
		A618DA9626450F88006F39A9 /* Release */ = {
			isa = XCBuildConfiguration;
			buildSettings = {
				ALWAYS_SEARCH_USER_PATHS = NO;
				CLANG_ANALYZER_NONNULL = YES;
				CLANG_ANALYZER_NUMBER_OBJECT_CONVERSION = YES_AGGRESSIVE;
				CLANG_CXX_LANGUAGE_STANDARD = "gnu++14";
				CLANG_CXX_LIBRARY = "libc++";
				CLANG_ENABLE_MODULES = YES;
				CLANG_ENABLE_OBJC_ARC = YES;
				CLANG_ENABLE_OBJC_WEAK = YES;
				CLANG_WARN_BLOCK_CAPTURE_AUTORELEASING = YES;
				CLANG_WARN_BOOL_CONVERSION = YES;
				CLANG_WARN_COMMA = YES;
				CLANG_WARN_CONSTANT_CONVERSION = YES;
				CLANG_WARN_DEPRECATED_OBJC_IMPLEMENTATIONS = YES;
				CLANG_WARN_DIRECT_OBJC_ISA_USAGE = YES_ERROR;
				CLANG_WARN_DOCUMENTATION_COMMENTS = YES;
				CLANG_WARN_EMPTY_BODY = YES;
				CLANG_WARN_ENUM_CONVERSION = YES;
				CLANG_WARN_INFINITE_RECURSION = YES;
				CLANG_WARN_INT_CONVERSION = YES;
				CLANG_WARN_NON_LITERAL_NULL_CONVERSION = YES;
				CLANG_WARN_OBJC_IMPLICIT_RETAIN_SELF = YES;
				CLANG_WARN_OBJC_LITERAL_CONVERSION = YES;
				CLANG_WARN_OBJC_ROOT_CLASS = YES_ERROR;
				CLANG_WARN_QUOTED_INCLUDE_IN_FRAMEWORK_HEADER = YES;
				CLANG_WARN_RANGE_LOOP_ANALYSIS = YES;
				CLANG_WARN_STRICT_PROTOTYPES = YES;
				CLANG_WARN_SUSPICIOUS_MOVE = YES;
				CLANG_WARN_UNGUARDED_AVAILABILITY = YES_AGGRESSIVE;
				CLANG_WARN_UNREACHABLE_CODE = YES;
				CLANG_WARN__DUPLICATE_METHOD_MATCH = YES;
				COPY_PHASE_STRIP = NO;
				DEBUG_INFORMATION_FORMAT = "dwarf-with-dsym";
				ENABLE_NS_ASSERTIONS = NO;
				ENABLE_STRICT_OBJC_MSGSEND = YES;
				GCC_C_LANGUAGE_STANDARD = gnu11;
				GCC_NO_COMMON_BLOCKS = YES;
				GCC_WARN_64_TO_32_BIT_CONVERSION = YES;
				GCC_WARN_ABOUT_RETURN_TYPE = YES_ERROR;
				GCC_WARN_UNDECLARED_SELECTOR = YES;
				GCC_WARN_UNINITIALIZED_AUTOS = YES_AGGRESSIVE;
				GCC_WARN_UNUSED_FUNCTION = YES;
				GCC_WARN_UNUSED_VARIABLE = YES;
				IPHONEOS_DEPLOYMENT_TARGET = 14.4;
				MTL_ENABLE_DEBUG_INFO = NO;
				MTL_FAST_MATH = YES;
				SDKROOT = iphoneos;
				SWIFT_COMPILATION_MODE = wholemodule;
				SWIFT_OPTIMIZATION_LEVEL = "-O";
				VALIDATE_PRODUCT = YES;
			};
			name = Release;
		};
		A618DA9826450F88006F39A9 /* Debug */ = {
			isa = XCBuildConfiguration;
			baseConfigurationReference = D27307D07C13EB73B42DC255 /* Pods-iosApp.debug.xcconfig */;
			buildSettings = {
				ASSETCATALOG_COMPILER_APPICON_NAME = AppIcon;
				ASSETCATALOG_COMPILER_GLOBAL_ACCENT_COLOR_NAME = AccentColor;
				CODE_SIGN_STYLE = Automatic;
				DEVELOPMENT_TEAM = Z7BMLJLG67;
				INFOPLIST_FILE = iosApp/Info.plist;
				IPHONEOS_DEPLOYMENT_TARGET = 13.0;
				LD_RUNPATH_SEARCH_PATHS = (
					"$(inherited)",
					"@executable_path/Frameworks",
				);
				PRODUCT_BUNDLE_IDENTIFIER = "com.linecorp.abc.sharedlocation-ios.iosApp";
				PRODUCT_NAME = "$(TARGET_NAME)";
				SWIFT_VERSION = 5.0;
				TARGETED_DEVICE_FAMILY = "1,2";
			};
			name = Debug;
		};
		A618DA9926450F88006F39A9 /* Release */ = {
			isa = XCBuildConfiguration;
			baseConfigurationReference = 1A0CE410ECE0AD8F8A8A4EC7 /* Pods-iosApp.release.xcconfig */;
			buildSettings = {
				ASSETCATALOG_COMPILER_APPICON_NAME = AppIcon;
				ASSETCATALOG_COMPILER_GLOBAL_ACCENT_COLOR_NAME = AccentColor;
				CODE_SIGN_STYLE = Automatic;
				DEVELOPMENT_TEAM = ND82QVGC3R;
				INFOPLIST_FILE = iosApp/Info.plist;
				IPHONEOS_DEPLOYMENT_TARGET = 13.0;
				LD_RUNPATH_SEARCH_PATHS = (
					"$(inherited)",
					"@executable_path/Frameworks",
				);
				PRODUCT_BUNDLE_IDENTIFIER = "com.linecorp.abc.sharedlocation-ios.iosApp";
				PRODUCT_NAME = "$(TARGET_NAME)";
				SWIFT_VERSION = 5.0;
				TARGETED_DEVICE_FAMILY = "1,2";
			};
			name = Release;
		};
		A618DA9B26450F88006F39A9 /* Debug */ = {
			isa = XCBuildConfiguration;
			baseConfigurationReference = 3399AD0A036A7ACA59F70B98 /* Pods-iosAppTests.debug.xcconfig */;
			buildSettings = {
				ALWAYS_EMBED_SWIFT_STANDARD_LIBRARIES = YES;
				BUNDLE_LOADER = "$(TEST_HOST)";
				CODE_SIGN_STYLE = Automatic;
				DEVELOPMENT_TEAM = W995H92C6J;
				INFOPLIST_FILE = iosAppTests/Info.plist;
				IPHONEOS_DEPLOYMENT_TARGET = 14.4;
				LD_RUNPATH_SEARCH_PATHS = (
					"$(inherited)",
					"@executable_path/Frameworks",
					"@loader_path/Frameworks",
				);
				PRODUCT_BUNDLE_IDENTIFIER = "com.linecorp.abc.sharedlocation-ios.iosAppTests";
				PRODUCT_NAME = "$(TARGET_NAME)";
				SWIFT_VERSION = 5.0;
				TARGETED_DEVICE_FAMILY = "1,2";
				TEST_HOST = "$(BUILT_PRODUCTS_DIR)/iosApp.app/iosApp";
			};
			name = Debug;
		};
		A618DA9C26450F88006F39A9 /* Release */ = {
			isa = XCBuildConfiguration;
			baseConfigurationReference = 7C2F670F6C0EBFF45385E030 /* Pods-iosAppTests.release.xcconfig */;
			buildSettings = {
				ALWAYS_EMBED_SWIFT_STANDARD_LIBRARIES = YES;
				BUNDLE_LOADER = "$(TEST_HOST)";
				CODE_SIGN_STYLE = Automatic;
				DEVELOPMENT_TEAM = W995H92C6J;
				INFOPLIST_FILE = iosAppTests/Info.plist;
				IPHONEOS_DEPLOYMENT_TARGET = 14.4;
				LD_RUNPATH_SEARCH_PATHS = (
					"$(inherited)",
					"@executable_path/Frameworks",
					"@loader_path/Frameworks",
				);
				PRODUCT_BUNDLE_IDENTIFIER = "com.linecorp.abc.sharedlocation-ios.iosAppTests";
				PRODUCT_NAME = "$(TARGET_NAME)";
				SWIFT_VERSION = 5.0;
				TARGETED_DEVICE_FAMILY = "1,2";
				TEST_HOST = "$(BUILT_PRODUCTS_DIR)/iosApp.app/iosApp";
			};
			name = Release;
		};
		A618DA9E26450F88006F39A9 /* Debug */ = {
			isa = XCBuildConfiguration;
			buildSettings = {
				ALWAYS_EMBED_SWIFT_STANDARD_LIBRARIES = YES;
				CODE_SIGN_STYLE = Automatic;
				DEVELOPMENT_TEAM = W995H92C6J;
				INFOPLIST_FILE = iosAppUITests/Info.plist;
				LD_RUNPATH_SEARCH_PATHS = (
					"$(inherited)",
					"@executable_path/Frameworks",
					"@loader_path/Frameworks",
				);
				PRODUCT_BUNDLE_IDENTIFIER = "com.linecorp.abc.sharedlocation-ios.iosAppUITests";
				PRODUCT_NAME = "$(TARGET_NAME)";
				SWIFT_VERSION = 5.0;
				TARGETED_DEVICE_FAMILY = "1,2";
				TEST_TARGET_NAME = iosApp;
			};
			name = Debug;
		};
		A618DA9F26450F88006F39A9 /* Release */ = {
			isa = XCBuildConfiguration;
			buildSettings = {
				ALWAYS_EMBED_SWIFT_STANDARD_LIBRARIES = YES;
				CODE_SIGN_STYLE = Automatic;
				DEVELOPMENT_TEAM = W995H92C6J;
				INFOPLIST_FILE = iosAppUITests/Info.plist;
				LD_RUNPATH_SEARCH_PATHS = (
					"$(inherited)",
					"@executable_path/Frameworks",
					"@loader_path/Frameworks",
				);
				PRODUCT_BUNDLE_IDENTIFIER = "com.linecorp.abc.sharedlocation-ios.iosAppUITests";
				PRODUCT_NAME = "$(TARGET_NAME)";
				SWIFT_VERSION = 5.0;
				TARGETED_DEVICE_FAMILY = "1,2";
				TEST_TARGET_NAME = iosApp;
			};
			name = Release;
		};
/* End XCBuildConfiguration section */

/* Begin XCConfigurationList section */
		A618DA6826450F87006F39A9 /* Build configuration list for PBXProject "iosApp" */ = {
			isa = XCConfigurationList;
			buildConfigurations = (
				A618DA9526450F88006F39A9 /* Debug */,
				A618DA9626450F88006F39A9 /* Release */,
			);
			defaultConfigurationIsVisible = 0;
			defaultConfigurationName = Release;
		};
		A618DA9726450F88006F39A9 /* Build configuration list for PBXNativeTarget "iosApp" */ = {
			isa = XCConfigurationList;
			buildConfigurations = (
				A618DA9826450F88006F39A9 /* Debug */,
				A618DA9926450F88006F39A9 /* Release */,
			);
			defaultConfigurationIsVisible = 0;
			defaultConfigurationName = Release;
		};
		A618DA9A26450F88006F39A9 /* Build configuration list for PBXNativeTarget "iosAppTests" */ = {
			isa = XCConfigurationList;
			buildConfigurations = (
				A618DA9B26450F88006F39A9 /* Debug */,
				A618DA9C26450F88006F39A9 /* Release */,
			);
			defaultConfigurationIsVisible = 0;
			defaultConfigurationName = Release;
		};
		A618DA9D26450F88006F39A9 /* Build configuration list for PBXNativeTarget "iosAppUITests" */ = {
			isa = XCConfigurationList;
			buildConfigurations = (
				A618DA9E26450F88006F39A9 /* Debug */,
				A618DA9F26450F88006F39A9 /* Release */,
			);
			defaultConfigurationIsVisible = 0;
			defaultConfigurationName = Release;
		};
/* End XCConfigurationList section */
	};
	rootObject = A618DA6526450F87006F39A9 /* Project object */;
}
